
Microsoft Visual Studio Solution File, Format Version 12.00
# Visual Studio Version 17
VisualStudioVersion = 17.1.32421.90
MinimumVisualStudioVersion = 10.0.40219.1
Project("{FAE04EC0-301F-11D3-BF4B-00C04F79EFBC}") = "csharp_es03_mattina", "csharp_es03_mattina.csproj", "{ACEE256E-97D3-4992-8DBB-0AE644372DB8}"
EndProject
Global
	GlobalSection(SolutionConfigurationPlatforms) = preSolution
		Debug|Any CPU = Debug|Any CPU
		Release|Any CPU = Release|Any CPU
	EndGlobalSection
	GlobalSection(ProjectConfigurationPlatforms) = postSolution
		{ACEE256E-97D3-4992-8DBB-0AE644372DB8}.Debug|Any CPU.ActiveCfg = Debug|Any CPU
		{ACEE256E-97D3-4992-8DBB-0AE644372DB8}.Debug|Any CPU.Build.0 = Debug|Any CPU
		{ACEE256E-97D3-4992-8DBB-0AE644372DB8}.Release|Any CPU.ActiveCfg = Release|Any CPU
		{ACEE256E-97D3-4992-8DBB-0AE644372DB8}.Release|Any CPU.Build.0 = Release|Any CPU
	EndGlobalSection
	GlobalSection(SolutionProperties) = preSolution
		HideSolutionNode = FALSE
	EndGlobalSection
	GlobalSection(ExtensibilityGlobals) = postSolution
		SolutionGuid = {E3A9F290-600C-45F0-89C7-E3A7912983E6}
	EndGlobalSection
EndGlobal
